// !$*UTF8*$!
{
	archiveVersion = 1;
	classes = {
	};
	objectVersion = 48;
	objects = {

/* Begin PBXBuildFile section */
		5748F46E2093E2CA00CFE764 /* RecoverDataFromFirebase.swift in Sources */ = {isa = PBXBuildFile; fileRef = 5748F46D2093E2CA00CFE764 /* RecoverDataFromFirebase.swift */; };
		577C8D8420929A8D00D7EC8B /* GetVetsFromDatabaseService.swift in Sources */ = {isa = PBXBuildFile; fileRef = 577C8D8320929A8D00D7EC8B /* GetVetsFromDatabaseService.swift */; };
		57A23F3D206DAC32007337D2 /* FavoritesTableViewController.swift in Sources */ = {isa = PBXBuildFile; fileRef = 57A23F3C206DAC32007337D2 /* FavoritesTableViewController.swift */; };
		6049D89D205B36BE0061A61A /* VetsListTableViewController.swift in Sources */ = {isa = PBXBuildFile; fileRef = 6049D89C205B36BE0061A61A /* VetsListTableViewController.swift */; };
		6049D89F205B38950061A61A /* Place.swift in Sources */ = {isa = PBXBuildFile; fileRef = 6049D89E205B38950061A61A /* Place.swift */; };
		889370B220599E8300DFC62A /* AppDelegate.swift in Sources */ = {isa = PBXBuildFile; fileRef = 889370B120599E8300DFC62A /* AppDelegate.swift */; };
		889370B420599E8300DFC62A /* InitialViewController.swift in Sources */ = {isa = PBXBuildFile; fileRef = 889370B320599E8300DFC62A /* InitialViewController.swift */; };
		889370B720599E8300DFC62A /* Main.storyboard in Resources */ = {isa = PBXBuildFile; fileRef = 889370B520599E8300DFC62A /* Main.storyboard */; };
		889370B920599E8300DFC62A /* Assets.xcassets in Resources */ = {isa = PBXBuildFile; fileRef = 889370B820599E8300DFC62A /* Assets.xcassets */; };
		889370BC20599E8300DFC62A /* LaunchScreen.storyboard in Resources */ = {isa = PBXBuildFile; fileRef = 889370BA20599E8300DFC62A /* LaunchScreen.storyboard */; };
		889FAC092059A10B00503AFF /* GoogleService-Info.plist in Resources */ = {isa = PBXBuildFile; fileRef = 889FAC082059A10B00503AFF /* GoogleService-Info.plist */; };
		E5D3AFDDA25BF8D486B98C37 /* Pods_SOS_Pets.framework in Frameworks */ = {isa = PBXBuildFile; fileRef = 163947B6AB11C054D3E6A271 /* Pods_SOS_Pets.framework */; };
/* End PBXBuildFile section */

/* Begin PBXFileReference section */
		163947B6AB11C054D3E6A271 /* Pods_SOS_Pets.framework */ = {isa = PBXFileReference; explicitFileType = wrapper.framework; includeInIndex = 0; path = Pods_SOS_Pets.framework; sourceTree = BUILT_PRODUCTS_DIR; };
		3F7FFB56D492F30ECFD8D274 /* Pods-SOS Pets.release.xcconfig */ = {isa = PBXFileReference; includeInIndex = 1; lastKnownFileType = text.xcconfig; name = "Pods-SOS Pets.release.xcconfig"; path = "Pods/Target Support Files/Pods-SOS Pets/Pods-SOS Pets.release.xcconfig"; sourceTree = "<group>"; };
		5748F46D2093E2CA00CFE764 /* RecoverDataFromFirebase.swift */ = {isa = PBXFileReference; lastKnownFileType = sourcecode.swift; path = RecoverDataFromFirebase.swift; sourceTree = "<group>"; };
		577C8D8320929A8D00D7EC8B /* GetVetsFromDatabaseService.swift */ = {isa = PBXFileReference; lastKnownFileType = sourcecode.swift; path = GetVetsFromDatabaseService.swift; sourceTree = "<group>"; };
		57A23F3C206DAC32007337D2 /* FavoritesTableViewController.swift */ = {isa = PBXFileReference; lastKnownFileType = sourcecode.swift; path = FavoritesTableViewController.swift; sourceTree = "<group>"; };
		6049D89C205B36BE0061A61A /* VetsListTableViewController.swift */ = {isa = PBXFileReference; lastKnownFileType = sourcecode.swift; path = VetsListTableViewController.swift; sourceTree = "<group>"; };
		6049D89E205B38950061A61A /* Place.swift */ = {isa = PBXFileReference; lastKnownFileType = sourcecode.swift; path = Place.swift; sourceTree = "<group>"; };
		889370AE20599E8300DFC62A /* SOS Pets.app */ = {isa = PBXFileReference; explicitFileType = wrapper.application; includeInIndex = 0; path = "SOS Pets.app"; sourceTree = BUILT_PRODUCTS_DIR; };
		889370B120599E8300DFC62A /* AppDelegate.swift */ = {isa = PBXFileReference; lastKnownFileType = sourcecode.swift; path = AppDelegate.swift; sourceTree = "<group>"; };
		889370B320599E8300DFC62A /* InitialViewController.swift */ = {isa = PBXFileReference; lastKnownFileType = sourcecode.swift; name = InitialViewController.swift; path = "../New Group/InitialViewController.swift"; sourceTree = "<group>"; };
		889370B620599E8300DFC62A /* Base */ = {isa = PBXFileReference; lastKnownFileType = file.storyboard; name = Base; path = Base.lproj/Main.storyboard; sourceTree = "<group>"; };
		889370B820599E8300DFC62A /* Assets.xcassets */ = {isa = PBXFileReference; lastKnownFileType = folder.assetcatalog; path = Assets.xcassets; sourceTree = "<group>"; };
		889370BB20599E8300DFC62A /* Base */ = {isa = PBXFileReference; lastKnownFileType = file.storyboard; name = Base; path = Base.lproj/LaunchScreen.storyboard; sourceTree = "<group>"; };
		889370BD20599E8300DFC62A /* Info.plist */ = {isa = PBXFileReference; lastKnownFileType = text.plist.xml; path = Info.plist; sourceTree = "<group>"; };
		889FAC082059A10B00503AFF /* GoogleService-Info.plist */ = {isa = PBXFileReference; fileEncoding = 4; lastKnownFileType = text.plist.xml; path = "GoogleService-Info.plist"; sourceTree = "<group>"; };
		AB70EA247341695FE2349575 /* Pods-SOS Pets.debug.xcconfig */ = {isa = PBXFileReference; includeInIndex = 1; lastKnownFileType = text.xcconfig; name = "Pods-SOS Pets.debug.xcconfig"; path = "Pods/Target Support Files/Pods-SOS Pets/Pods-SOS Pets.debug.xcconfig"; sourceTree = "<group>"; };
/* End PBXFileReference section */

/* Begin PBXFrameworksBuildPhase section */
		889370AB20599E8300DFC62A /* Frameworks */ = {
			isa = PBXFrameworksBuildPhase;
			buildActionMask = 2147483647;
			files = (
				E5D3AFDDA25BF8D486B98C37 /* Pods_SOS_Pets.framework in Frameworks */,
			);
			runOnlyForDeploymentPostprocessing = 0;
		};
/* End PBXFrameworksBuildPhase section */

/* Begin PBXGroup section */
		0D1B43CA4BED687D94B7D52E /* Frameworks */ = {
			isa = PBXGroup;
			children = (
				163947B6AB11C054D3E6A271 /* Pods_SOS_Pets.framework */,
			);
			name = Frameworks;
			sourceTree = "<group>";
		};
		6049D899205B34CE0061A61A /* View */ = {
			isa = PBXGroup;
			children = (
				889370B520599E8300DFC62A /* Main.storyboard */,
				889370BA20599E8300DFC62A /* LaunchScreen.storyboard */,
			);
			path = View;
			sourceTree = "<group>";
		};
		6049D89A205B34FF0061A61A /* Controller */ = {
			isa = PBXGroup;
			children = (
				57A23F3C206DAC32007337D2 /* FavoritesTableViewController.swift */,
				889370B320599E8300DFC62A /* InitialViewController.swift */,
				6049D89C205B36BE0061A61A /* VetsListTableViewController.swift */,
				577C8D8320929A8D00D7EC8B /* GetVetsFromDatabaseService.swift */,
				5748F46D2093E2CA00CFE764 /* RecoverDataFromFirebase.swift */,
			);
			path = Controller;
			sourceTree = "<group>";
		};
		6049D89B205B35170061A61A /* Model */ = {
			isa = PBXGroup;
			children = (
				889370B120599E8300DFC62A /* AppDelegate.swift */,
				6049D89E205B38950061A61A /* Place.swift */,
			);
			path = Model;
			sourceTree = "<group>";
		};
		889370A520599E8300DFC62A = {
			isa = PBXGroup;
			children = (
				889370B020599E8300DFC62A /* SOS Pets */,
				889370AF20599E8300DFC62A /* Products */,
				F2891B1DA716F9C82746E5C4 /* Pods */,
				0D1B43CA4BED687D94B7D52E /* Frameworks */,
			);
			sourceTree = "<group>";
		};
		889370AF20599E8300DFC62A /* Products */ = {
			isa = PBXGroup;
			children = (
				889370AE20599E8300DFC62A /* SOS Pets.app */,
			);
			name = Products;
			sourceTree = "<group>";
		};
		889370B020599E8300DFC62A /* SOS Pets */ = {
			isa = PBXGroup;
			children = (
				6049D89B205B35170061A61A /* Model */,
				6049D89A205B34FF0061A61A /* Controller */,
				6049D899205B34CE0061A61A /* View */,
				889370B820599E8300DFC62A /* Assets.xcassets */,
				889370BD20599E8300DFC62A /* Info.plist */,
				889FAC082059A10B00503AFF /* GoogleService-Info.plist */,
			);
			path = "SOS Pets";
			sourceTree = "<group>";
		};
		F2891B1DA716F9C82746E5C4 /* Pods */ = {
			isa = PBXGroup;
			children = (
				AB70EA247341695FE2349575 /* Pods-SOS Pets.debug.xcconfig */,
				3F7FFB56D492F30ECFD8D274 /* Pods-SOS Pets.release.xcconfig */,
			);
			name = Pods;
			sourceTree = "<group>";
		};
/* End PBXGroup section */

/* Begin PBXNativeTarget section */
		889370AD20599E8300DFC62A /* SOS Pets */ = {
			isa = PBXNativeTarget;
			buildConfigurationList = 889370C020599E8300DFC62A /* Build configuration list for PBXNativeTarget "SOS Pets" */;
			buildPhases = (
				DDB26EA90CF1C4EBD34DC714 /* [CP] Check Pods Manifest.lock */,
				889370AA20599E8300DFC62A /* Sources */,
				889370AB20599E8300DFC62A /* Frameworks */,
				889370AC20599E8300DFC62A /* Resources */,
				F594AE4A66F437D81CF2A345 /* [CP] Embed Pods Frameworks */,
				F6D6187269B945E7CEA5983A /* [CP] Copy Pods Resources */,
			);
			buildRules = (
			);
			dependencies = (
			);
			name = "SOS Pets";
			productName = "SOS Pets";
			productReference = 889370AE20599E8300DFC62A /* SOS Pets.app */;
			productType = "com.apple.product-type.application";
		};
/* End PBXNativeTarget section */

/* Begin PBXProject section */
		889370A620599E8300DFC62A /* Project object */ = {
			isa = PBXProject;
			attributes = {
				LastSwiftUpdateCheck = 0920;
				LastUpgradeCheck = 0920;
				ORGANIZATIONNAME = "Renato Savoia Girão";
				TargetAttributes = {
					889370AD20599E8300DFC62A = {
						CreatedOnToolsVersion = 9.2;
						ProvisioningStyle = Automatic;
					};
				};
			};
			buildConfigurationList = 889370A920599E8300DFC62A /* Build configuration list for PBXProject "SOS Pets" */;
			compatibilityVersion = "Xcode 8.0";
			developmentRegion = en;
			hasScannedForEncodings = 0;
			knownRegions = (
				en,
				Base,
			);
			mainGroup = 889370A520599E8300DFC62A;
			productRefGroup = 889370AF20599E8300DFC62A /* Products */;
			projectDirPath = "";
			projectRoot = "";
			targets = (
				889370AD20599E8300DFC62A /* SOS Pets */,
			);
		};
/* End PBXProject section */

/* Begin PBXResourcesBuildPhase section */
		889370AC20599E8300DFC62A /* Resources */ = {
			isa = PBXResourcesBuildPhase;
			buildActionMask = 2147483647;
			files = (
				889370BC20599E8300DFC62A /* LaunchScreen.storyboard in Resources */,
				889FAC092059A10B00503AFF /* GoogleService-Info.plist in Resources */,
				889370B920599E8300DFC62A /* Assets.xcassets in Resources */,
				889370B720599E8300DFC62A /* Main.storyboard in Resources */,
			);
			runOnlyForDeploymentPostprocessing = 0;
		};
/* End PBXResourcesBuildPhase section */

/* Begin PBXShellScriptBuildPhase section */
		DDB26EA90CF1C4EBD34DC714 /* [CP] Check Pods Manifest.lock */ = {
			isa = PBXShellScriptBuildPhase;
			buildActionMask = 2147483647;
			files = (
			);
			inputPaths = (
				"${PODS_PODFILE_DIR_PATH}/Podfile.lock",
				"${PODS_ROOT}/Manifest.lock",
			);
			name = "[CP] Check Pods Manifest.lock";
			outputPaths = (
				"$(DERIVED_FILE_DIR)/Pods-SOS Pets-checkManifestLockResult.txt",
			);
			runOnlyForDeploymentPostprocessing = 0;
			shellPath = /bin/sh;
			shellScript = "diff \"${PODS_PODFILE_DIR_PATH}/Podfile.lock\" \"${PODS_ROOT}/Manifest.lock\" > /dev/null\nif [ $? != 0 ] ; then\n    # print error to STDERR\n    echo \"error: The sandbox is not in sync with the Podfile.lock. Run 'pod install' or update your CocoaPods installation.\" >&2\n    exit 1\nfi\n# This output is used by Xcode 'outputs' to avoid re-running this script phase.\necho \"SUCCESS\" > \"${SCRIPT_OUTPUT_FILE_0}\"\n";
			showEnvVarsInLog = 0;
		};
		F594AE4A66F437D81CF2A345 /* [CP] Embed Pods Frameworks */ = {
			isa = PBXShellScriptBuildPhase;
			buildActionMask = 2147483647;
			files = (
			);
			inputPaths = (
				"${SRCROOT}/Pods/Target Support Files/Pods-SOS Pets/Pods-SOS Pets-frameworks.sh",
				"${BUILT_PRODUCTS_DIR}/GTMSessionFetcher/GTMSessionFetcher.framework",
				"${BUILT_PRODUCTS_DIR}/GoogleToolboxForMac/GoogleToolboxForMac.framework",
				"${BUILT_PRODUCTS_DIR}/leveldb-library/leveldb.framework",
				"${BUILT_PRODUCTS_DIR}/nanopb/nanopb.framework",
			);
			name = "[CP] Embed Pods Frameworks";
			outputPaths = (
				"${TARGET_BUILD_DIR}/${FRAMEWORKS_FOLDER_PATH}/GTMSessionFetcher.framework",
				"${TARGET_BUILD_DIR}/${FRAMEWORKS_FOLDER_PATH}/GoogleToolboxForMac.framework",
				"${TARGET_BUILD_DIR}/${FRAMEWORKS_FOLDER_PATH}/leveldb.framework",
				"${TARGET_BUILD_DIR}/${FRAMEWORKS_FOLDER_PATH}/nanopb.framework",
			);
			runOnlyForDeploymentPostprocessing = 0;
			shellPath = /bin/sh;
			shellScript = "\"${SRCROOT}/Pods/Target Support Files/Pods-SOS Pets/Pods-SOS Pets-frameworks.sh\"\n";
			showEnvVarsInLog = 0;
		};
		F6D6187269B945E7CEA5983A /* [CP] Copy Pods Resources */ = {
			isa = PBXShellScriptBuildPhase;
			buildActionMask = 2147483647;
			files = (
			);
			inputPaths = (
			);
			name = "[CP] Copy Pods Resources";
			outputPaths = (
			);
			runOnlyForDeploymentPostprocessing = 0;
			shellPath = /bin/sh;
			shellScript = "\"${SRCROOT}/Pods/Target Support Files/Pods-SOS Pets/Pods-SOS Pets-resources.sh\"\n";
			showEnvVarsInLog = 0;
		};
/* End PBXShellScriptBuildPhase section */

/* Begin PBXSourcesBuildPhase section */
		889370AA20599E8300DFC62A /* Sources */ = {
			isa = PBXSourcesBuildPhase;
			buildActionMask = 2147483647;
			files = (
				577C8D8420929A8D00D7EC8B /* GetVetsFromDatabaseService.swift in Sources */,
				5748F46E2093E2CA00CFE764 /* RecoverDataFromFirebase.swift in Sources */,
				889370B420599E8300DFC62A /* InitialViewController.swift in Sources */,
				6049D89D205B36BE0061A61A /* VetsListTableViewController.swift in Sources */,
				889370B220599E8300DFC62A /* AppDelegate.swift in Sources */,
				57A23F3D206DAC32007337D2 /* FavoritesTableViewController.swift in Sources */,
				6049D89F205B38950061A61A /* Place.swift in Sources */,
			);
			runOnlyForDeploymentPostprocessing = 0;
		};
/* End PBXSourcesBuildPhase section */

/* Begin PBXVariantGroup section */
		889370B520599E8300DFC62A /* Main.storyboard */ = {
			isa = PBXVariantGroup;
			children = (
				889370B620599E8300DFC62A /* Base */,
			);
			name = Main.storyboard;
			sourceTree = "<group>";
		};
		889370BA20599E8300DFC62A /* LaunchScreen.storyboard */ = {
			isa = PBXVariantGroup;
			children = (
				889370BB20599E8300DFC62A /* Base */,
			);
			name = LaunchScreen.storyboard;
			sourceTree = "<group>";
		};
/* End PBXVariantGroup section */

/* Begin XCBuildConfiguration section */
		889370BE20599E8300DFC62A /* Debug */ = {
			isa = XCBuildConfiguration;
			buildSettings = {
				ALWAYS_SEARCH_USER_PATHS = NO;
				CLANG_ANALYZER_NONNULL = YES;
				CLANG_ANALYZER_NUMBER_OBJECT_CONVERSION = YES_AGGRESSIVE;
				CLANG_CXX_LANGUAGE_STANDARD = "gnu++14";
				CLANG_CXX_LIBRARY = "libc++";
				CLANG_ENABLE_MODULES = YES;
				CLANG_ENABLE_OBJC_ARC = YES;
				CLANG_WARN_BLOCK_CAPTURE_AUTORELEASING = YES;
				CLANG_WARN_BOOL_CONVERSION = YES;
				CLANG_WARN_COMMA = YES;
				CLANG_WARN_CONSTANT_CONVERSION = YES;
				CLANG_WARN_DIRECT_OBJC_ISA_USAGE = YES_ERROR;
				CLANG_WARN_DOCUMENTATION_COMMENTS = YES;
				CLANG_WARN_EMPTY_BODY = YES;
				CLANG_WARN_ENUM_CONVERSION = YES;
				CLANG_WARN_INFINITE_RECURSION = YES;
				CLANG_WARN_INT_CONVERSION = YES;
				CLANG_WARN_NON_LITERAL_NULL_CONVERSION = YES;
				CLANG_WARN_OBJC_LITERAL_CONVERSION = YES;
				CLANG_WARN_OBJC_ROOT_CLASS = YES_ERROR;
				CLANG_WARN_RANGE_LOOP_ANALYSIS = YES;
				CLANG_WARN_STRICT_PROTOTYPES = YES;
				CLANG_WARN_SUSPICIOUS_MOVE = YES;
				CLANG_WARN_UNGUARDED_AVAILABILITY = YES_AGGRESSIVE;
				CLANG_WARN_UNREACHABLE_CODE = YES;
				CLANG_WARN__DUPLICATE_METHOD_MATCH = YES;
				CODE_SIGN_IDENTITY = "iPhone Developer";
				COPY_PHASE_STRIP = NO;
				DEBUG_INFORMATION_FORMAT = dwarf;
				ENABLE_STRICT_OBJC_MSGSEND = YES;
				ENABLE_TESTABILITY = YES;
				GCC_C_LANGUAGE_STANDARD = gnu11;
				GCC_DYNAMIC_NO_PIC = NO;
				GCC_NO_COMMON_BLOCKS = YES;
				GCC_OPTIMIZATION_LEVEL = 0;
				GCC_PREPROCESSOR_DEFINITIONS = (
					"DEBUG=1",
					"$(inherited)",
				);
				GCC_WARN_64_TO_32_BIT_CONVERSION = YES;
				GCC_WARN_ABOUT_RETURN_TYPE = YES_ERROR;
				GCC_WARN_UNDECLARED_SELECTOR = YES;
				GCC_WARN_UNINITIALIZED_AUTOS = YES_AGGRESSIVE;
				GCC_WARN_UNUSED_FUNCTION = YES;
				GCC_WARN_UNUSED_VARIABLE = YES;
				IPHONEOS_DEPLOYMENT_TARGET = 11.2;
				MTL_ENABLE_DEBUG_INFO = YES;
				ONLY_ACTIVE_ARCH = YES;
				SDKROOT = iphoneos;
				SWIFT_ACTIVE_COMPILATION_CONDITIONS = DEBUG;
				SWIFT_OPTIMIZATION_LEVEL = "-Onone";
			};
			name = Debug;
		};
		889370BF20599E8300DFC62A /* Release */ = {
			isa = XCBuildConfiguration;
			buildSettings = {
				ALWAYS_SEARCH_USER_PATHS = NO;
				CLANG_ANALYZER_NONNULL = YES;
				CLANG_ANALYZER_NUMBER_OBJECT_CONVERSION = YES_AGGRESSIVE;
				CLANG_CXX_LANGUAGE_STANDARD = "gnu++14";
				CLANG_CXX_LIBRARY = "libc++";
				CLANG_ENABLE_MODULES = YES;
				CLANG_ENABLE_OBJC_ARC = YES;
				CLANG_WARN_BLOCK_CAPTURE_AUTORELEASING = YES;
				CLANG_WARN_BOOL_CONVERSION = YES;
				CLANG_WARN_COMMA = YES;
				CLANG_WARN_CONSTANT_CONVERSION = YES;
				CLANG_WARN_DIRECT_OBJC_ISA_USAGE = YES_ERROR;
				CLANG_WARN_DOCUMENTATION_COMMENTS = YES;
				CLANG_WARN_EMPTY_BODY = YES;
				CLANG_WARN_ENUM_CONVERSION = YES;
				CLANG_WARN_INFINITE_RECURSION = YES;
				CLANG_WARN_INT_CONVERSION = YES;
				CLANG_WARN_NON_LITERAL_NULL_CONVERSION = YES;
				CLANG_WARN_OBJC_LITERAL_CONVERSION = YES;
				CLANG_WARN_OBJC_ROOT_CLASS = YES_ERROR;
				CLANG_WARN_RANGE_LOOP_ANALYSIS = YES;
				CLANG_WARN_STRICT_PROTOTYPES = YES;
				CLANG_WARN_SUSPICIOUS_MOVE = YES;
				CLANG_WARN_UNGUARDED_AVAILABILITY = YES_AGGRESSIVE;
				CLANG_WARN_UNREACHABLE_CODE = YES;
				CLANG_WARN__DUPLICATE_METHOD_MATCH = YES;
				CODE_SIGN_IDENTITY = "iPhone Developer";
				COPY_PHASE_STRIP = NO;
				DEBUG_INFORMATION_FORMAT = "dwarf-with-dsym";
				ENABLE_NS_ASSERTIONS = NO;
				ENABLE_STRICT_OBJC_MSGSEND = YES;
				GCC_C_LANGUAGE_STANDARD = gnu11;
				GCC_NO_COMMON_BLOCKS = YES;
				GCC_WARN_64_TO_32_BIT_CONVERSION = YES;
				GCC_WARN_ABOUT_RETURN_TYPE = YES_ERROR;
				GCC_WARN_UNDECLARED_SELECTOR = YES;
				GCC_WARN_UNINITIALIZED_AUTOS = YES_AGGRESSIVE;
				GCC_WARN_UNUSED_FUNCTION = YES;
				GCC_WARN_UNUSED_VARIABLE = YES;
				IPHONEOS_DEPLOYMENT_TARGET = 11.2;
				MTL_ENABLE_DEBUG_INFO = NO;
				SDKROOT = iphoneos;
				SWIFT_OPTIMIZATION_LEVEL = "-Owholemodule";
				VALIDATE_PRODUCT = YES;
			};
			name = Release;
		};
		889370C120599E8300DFC62A /* Debug */ = {
			isa = XCBuildConfiguration;
			baseConfigurationReference = AB70EA247341695FE2349575 /* Pods-SOS Pets.debug.xcconfig */;
			buildSettings = {
				ASSETCATALOG_COMPILER_APPICON_NAME = AppIcon;
				CODE_SIGN_STYLE = Automatic;
				DEVELOPMENT_TEAM = KXUSNVLP69;
				INFOPLIST_FILE = "SOS Pets/Info.plist";
				LD_RUNPATH_SEARCH_PATHS = "$(inherited) @executable_path/Frameworks";
				PRODUCT_BUNDLE_IDENTIFIER = "renatoGirao.SOS-Pets";
				PRODUCT_NAME = "$(TARGET_NAME)";
				SWIFT_VERSION = 4.0;
				TARGETED_DEVICE_FAMILY = "1,2";
			};
			name = Debug;
		};
		889370C220599E8300DFC62A /* Release */ = {
			isa = XCBuildConfiguration;
			baseConfigurationReference = 3F7FFB56D492F30ECFD8D274 /* Pods-SOS Pets.release.xcconfig */;
			buildSettings = {
				ASSETCATALOG_COMPILER_APPICON_NAME = AppIcon;
				CODE_SIGN_STYLE = Automatic;
				DEVELOPMENT_TEAM = KXUSNVLP69;
				INFOPLIST_FILE = "SOS Pets/Info.plist";
				LD_RUNPATH_SEARCH_PATHS = "$(inherited) @executable_path/Frameworks";
				PRODUCT_BUNDLE_IDENTIFIER = "renatoGirao.SOS-Pets";
				PRODUCT_NAME = "$(TARGET_NAME)";
				SWIFT_VERSION = 4.0;
				TARGETED_DEVICE_FAMILY = "1,2";
			};
			name = Release;
		};
/* End XCBuildConfiguration section */

/* Begin XCConfigurationList section */
		889370A920599E8300DFC62A /* Build configuration list for PBXProject "SOS Pets" */ = {
			isa = XCConfigurationList;
			buildConfigurations = (
				889370BE20599E8300DFC62A /* Debug */,
				889370BF20599E8300DFC62A /* Release */,
			);
			defaultConfigurationIsVisible = 0;
			defaultConfigurationName = Release;
		};
		889370C020599E8300DFC62A /* Build configuration list for PBXNativeTarget "SOS Pets" */ = {
			isa = XCConfigurationList;
			buildConfigurations = (
				889370C120599E8300DFC62A /* Debug */,
				889370C220599E8300DFC62A /* Release */,
			);
			defaultConfigurationIsVisible = 0;
			defaultConfigurationName = Release;
		};
/* End XCConfigurationList section */
	};
	rootObject = 889370A620599E8300DFC62A /* Project object */;
}
